
Microsoft Visual Studio Solution File, Format Version 12.00
# Visual Studio Version 16
VisualStudioVersion = 16.0.29020.237
MinimumVisualStudioVersion = 10.0.40219.1
Project("{2150E333-8FDC-42A3-9474-1A3956D46DE8}") = "10-Common", "10-Common", "{D14190F0-CE0B-4C29-A1D9-C4086210C5E0}"
EndProject
Project("{2150E333-8FDC-42A3-9474-1A3956D46DE8}") = "20-Core", "20-Core", "{E3E05835-A725-447F-B9D2-CBDDC47A146D}"
EndProject
Project("{2150E333-8FDC-42A3-9474-1A3956D46DE8}") = "30-Infrastructure", "30-Infrastructure", "{5E00CCF5-67C3-4931-872C-FCE2ED969F68}"
EndProject
Project("{2150E333-8FDC-42A3-9474-1A3956D46DE8}") = "40-Persistence", "40-Persistence", "{BEBF740C-97BF-4951-B2A2-7A3577C71999}"
EndProject
Project("{2150E333-8FDC-42A3-9474-1A3956D46DE8}") = "50-Hosts", "50-Hosts", "{09E5BD5C-B176-46A8-B7CA-2805590EC2EC}"
EndProject
Project("{2150E333-8FDC-42A3-9474-1A3956D46DE8}") = "60-Tests", "60-Tests", "{B2BF56F2-577E-4964-A51B-FBC08272E55C}"
EndProject
Project("{9A19103F-16F7-4668-BE54-9A1E7A4F7556}") = "CQRS-Lite-Union-API.Application", "app\CQRS-Lite-Union-API.Application\CQRS-Lite-Union-API.Application.csproj", "{990099BC-2E7F-4DA2-8326-80807F7BCE40}"
EndProject
Project("{9A19103F-16F7-4668-BE54-9A1E7A4F7556}") = "CQRS-Lite-Union-API.Domain", "app\CQRS-Lite-Union-API.Domain\CQRS-Lite-Union-API.Domain.csproj", "{F442F810-C685-4129-83B8-015C7E6B5DAF}"
EndProject
Project("{9A19103F-16F7-4668-BE54-9A1E7A4F7556}") = "CQRS-Lite-Union-API.Common", "app\CQRS-Lite-Union-API.Common\CQRS-Lite-Union-API.Common.csproj", "{FD76C43F-C09A-49A4-B152-1B01886F6759}"
EndProject
Project("{9A19103F-16F7-4668-BE54-9A1E7A4F7556}") = "CQRS-Lite-Union-API.Infra", "app\CQRS-Lite-Union-API.Infra\CQRS-Lite-Union-API.Infra.csproj", "{60B78D73-9AD5-495C-80CE-D18BA3197116}"
EndProject
Project("{9A19103F-16F7-4668-BE54-9A1E7A4F7556}") = "CQRS-Lite-Union-API.Persist.Sql", "app\CQRS-Lite-Union-API.Persist.Sql\CQRS-Lite-Union-API.Persist.Sql.csproj", "{61772EFB-DF37-4591-87AF-B546E70B2155}"
EndProject
Project("{FAE04EC0-301F-11D3-BF4B-00C04F79EFBC}") = "CQRS-Lite-Union-API.WebApi", "app\CQRS-Lite-Union-API.WebApi\CQRS-Lite-Union-API.WebApi.csproj", "{B4B269BE-8D68-455D-AAEE-91652DCBB595}"
EndProject
Global
	GlobalSection(SolutionConfigurationPlatforms) = preSolution
		Debug|Any CPU = Debug|Any CPU
		Release|Any CPU = Release|Any CPU
	EndGlobalSection
	GlobalSection(ProjectConfigurationPlatforms) = postSolution
		{990099BC-2E7F-4DA2-8326-80807F7BCE40}.Debug|Any CPU.ActiveCfg = Debug|Any CPU
		{990099BC-2E7F-4DA2-8326-80807F7BCE40}.Debug|Any CPU.Build.0 = Debug|Any CPU
		{990099BC-2E7F-4DA2-8326-80807F7BCE40}.Release|Any CPU.ActiveCfg = Release|Any CPU
		{990099BC-2E7F-4DA2-8326-80807F7BCE40}.Release|Any CPU.Build.0 = Release|Any CPU
		{F442F810-C685-4129-83B8-015C7E6B5DAF}.Debug|Any CPU.ActiveCfg = Debug|Any CPU
		{F442F810-C685-4129-83B8-015C7E6B5DAF}.Debug|Any CPU.Build.0 = Debug|Any CPU
		{F442F810-C685-4129-83B8-015C7E6B5DAF}.Release|Any CPU.ActiveCfg = Release|Any CPU
		{F442F810-C685-4129-83B8-015C7E6B5DAF}.Release|Any CPU.Build.0 = Release|Any CPU
		{FD76C43F-C09A-49A4-B152-1B01886F6759}.Debug|Any CPU.ActiveCfg = Debug|Any CPU
		{FD76C43F-C09A-49A4-B152-1B01886F6759}.Debug|Any CPU.Build.0 = Debug|Any CPU
		{FD76C43F-C09A-49A4-B152-1B01886F6759}.Release|Any CPU.ActiveCfg = Release|Any CPU
		{FD76C43F-C09A-49A4-B152-1B01886F6759}.Release|Any CPU.Build.0 = Release|Any CPU
		{60B78D73-9AD5-495C-80CE-D18BA3197116}.Debug|Any CPU.ActiveCfg = Debug|Any CPU
		{60B78D73-9AD5-495C-80CE-D18BA3197116}.Debug|Any CPU.Build.0 = Debug|Any CPU
		{60B78D73-9AD5-495C-80CE-D18BA3197116}.Release|Any CPU.ActiveCfg = Release|Any CPU
		{60B78D73-9AD5-495C-80CE-D18BA3197116}.Release|Any CPU.Build.0 = Release|Any CPU
		{61772EFB-DF37-4591-87AF-B546E70B2155}.Debug|Any CPU.ActiveCfg = Debug|Any CPU
		{61772EFB-DF37-4591-87AF-B546E70B2155}.Debug|Any CPU.Build.0 = Debug|Any CPU
		{61772EFB-DF37-4591-87AF-B546E70B2155}.Release|Any CPU.ActiveCfg = Release|Any CPU
		{61772EFB-DF37-4591-87AF-B546E70B2155}.Release|Any CPU.Build.0 = Release|Any CPU
		{B4B269BE-8D68-455D-AAEE-91652DCBB595}.Debug|Any CPU.ActiveCfg = Debug|Any CPU
		{B4B269BE-8D68-455D-AAEE-91652DCBB595}.Debug|Any CPU.Build.0 = Debug|Any CPU
		{B4B269BE-8D68-455D-AAEE-91652DCBB595}.Release|Any CPU.ActiveCfg = Release|Any CPU
		{B4B269BE-8D68-455D-AAEE-91652DCBB595}.Release|Any CPU.Build.0 = Release|Any CPU
	EndGlobalSection
	GlobalSection(SolutionProperties) = preSolution
		HideSolutionNode = FALSE
	EndGlobalSection
	GlobalSection(NestedProjects) = preSolution
		{990099BC-2E7F-4DA2-8326-80807F7BCE40} = {E3E05835-A725-447F-B9D2-CBDDC47A146D}
		{F442F810-C685-4129-83B8-015C7E6B5DAF} = {E3E05835-A725-447F-B9D2-CBDDC47A146D}
		{FD76C43F-C09A-49A4-B152-1B01886F6759} = {D14190F0-CE0B-4C29-A1D9-C4086210C5E0}
		{60B78D73-9AD5-495C-80CE-D18BA3197116} = {5E00CCF5-67C3-4931-872C-FCE2ED969F68}
		{61772EFB-DF37-4591-87AF-B546E70B2155} = {BEBF740C-97BF-4951-B2A2-7A3577C71999}
		{B4B269BE-8D68-455D-AAEE-91652DCBB595} = {09E5BD5C-B176-46A8-B7CA-2805590EC2EC}
	EndGlobalSection
	GlobalSection(ExtensibilityGlobals) = postSolution
		SolutionGuid = {1D4EA657-A91E-4CCE-BDAE-144EA8CA7E15}
	EndGlobalSection
EndGlobal
